<?xml version="1.0" encoding="UTF-8" standalone="yes" ?>
<CodeBlocks_project_file>
	<FileVersion major="1" minor="6" />
	<Project>
		<Option title="elfibia" />
		<Option pch_mode="2" />
		<Option compiler="gcc" />
		<Build>
			<Target title="debug">
				<Option output="elfibia" prefix_auto="1" extension_auto="1" />
				<Option object_output="/data/work/elfibia/.objs" />
				<Option type="1" />
				<Option compiler="gcc" />
				<Option parameters="testapp" />
				<Compiler>
					<Add option="-g" />
				</Compiler>
				<Linker>
					<Add library="elf" />
					<Add library="ncurses" />
					<Add library="menu" />
				</Linker>
			</Target>
		</Build>
		<Compiler>
			<Add option="-Wall" />
		</Compiler>
		<Unit filename="elfheader.c">
			<Option compilerVar="CC" />
		</Unit>
		<Unit filename="elfibia.h" />
		<Unit filename="elfsections.c">
			<Option compilerVar="CC" />
		</Unit>
		<Unit filename="main.c">
			<Option compilerVar="CC" />
		</Unit>
		<Unit filename="visual.c">
			<Option compilerVar="CC" />
		</Unit>
		<Extensions />
	</Project>
</CodeBlocks_project_file>
